// !$*UTF8*$!
{
	archiveVersion = 1;
	classes = {
	};
	objectVersion = 50;
	objects = {

/* Begin PBXBuildFile section */
		FC136DE72682906100A443AD /* AppDelegate.swift in Sources */ = {isa = PBXBuildFile; fileRef = FC136DE62682906100A443AD /* AppDelegate.swift */; };
		FC136DE92682906100A443AD /* SceneDelegate.swift in Sources */ = {isa = PBXBuildFile; fileRef = FC136DE82682906100A443AD /* SceneDelegate.swift */; };
		FC136DEE2682906100A443AD /* Main.storyboard in Resources */ = {isa = PBXBuildFile; fileRef = FC136DEC2682906100A443AD /* Main.storyboard */; };
		FC136DF12682906100A443AD /* HW_FINAL.xcdatamodeld in Sources */ = {isa = PBXBuildFile; fileRef = FC136DEF2682906100A443AD /* HW_FINAL.xcdatamodeld */; };
		FC136DF32682906900A443AD /* Assets.xcassets in Resources */ = {isa = PBXBuildFile; fileRef = FC136DF22682906900A443AD /* Assets.xcassets */; };
		FC136DF62682906900A443AD /* LaunchScreen.storyboard in Resources */ = {isa = PBXBuildFile; fileRef = FC136DF42682906900A443AD /* LaunchScreen.storyboard */; };
		FCCF121926838A7400E2FC82 /* TicketViewController.swift in Sources */ = {isa = PBXBuildFile; fileRef = FCCF121826838A7400E2FC82 /* TicketViewController.swift */; };
		FCCF121C26838A9B00E2FC82 /* LoginViewController.swift in Sources */ = {isa = PBXBuildFile; fileRef = FCCF121B26838A9B00E2FC82 /* LoginViewController.swift */; };
		FCCF121F26838ADD00E2FC82 /* QueueViewController.swift in Sources */ = {isa = PBXBuildFile; fileRef = FCCF121E26838ADD00E2FC82 /* QueueViewController.swift */; };
		FCCF1222268390B800E2FC82 /* RegisterViewController.swift in Sources */ = {isa = PBXBuildFile; fileRef = FCCF1221268390B800E2FC82 /* RegisterViewController.swift */; };
		FCCF1225268390C400E2FC82 /* QueueSettingsViewController.swift in Sources */ = {isa = PBXBuildFile; fileRef = FCCF1224268390C400E2FC82 /* QueueSettingsViewController.swift */; };
		FCCF12282683E90C00E2FC82 /* DebugListControllerTableViewController.swift in Sources */ = {isa = PBXBuildFile; fileRef = FCCF12272683E90C00E2FC82 /* DebugListControllerTableViewController.swift */; };
		FCCF122B2683F4B700E2FC82 /* UserViewController.swift in Sources */ = {isa = PBXBuildFile; fileRef = FCCF122A2683F4B700E2FC82 /* UserViewController.swift */; };
		FCCF123126841F2600E2FC82 /* StudentSubmitViewController.swift in Sources */ = {isa = PBXBuildFile; fileRef = FCCF123026841F2600E2FC82 /* StudentSubmitViewController.swift */; };
		FCCF123426841F6500E2FC82 /* FacultyApproveViewController.swift in Sources */ = {isa = PBXBuildFile; fileRef = FCCF123326841F6500E2FC82 /* FacultyApproveViewController.swift */; };
		FCCF12372684236500E2FC82 /* NotLoggedViewController.swift in Sources */ = {isa = PBXBuildFile; fileRef = FCCF12362684236500E2FC82 /* NotLoggedViewController.swift */; };
		FCCF124626843B2B00E2FC82 /* NotLoggedQueueViewController.swift in Sources */ = {isa = PBXBuildFile; fileRef = FCCF124526843B2B00E2FC82 /* NotLoggedQueueViewController.swift */; };
/* End PBXBuildFile section */

/* Begin PBXFileReference section */
		FC136DE32682906100A443AD /* HW_FINAL.app */ = {isa = PBXFileReference; explicitFileType = wrapper.application; includeInIndex = 0; path = HW_FINAL.app; sourceTree = BUILT_PRODUCTS_DIR; };
		FC136DE62682906100A443AD /* AppDelegate.swift */ = {isa = PBXFileReference; lastKnownFileType = sourcecode.swift; path = AppDelegate.swift; sourceTree = "<group>"; };
		FC136DE82682906100A443AD /* SceneDelegate.swift */ = {isa = PBXFileReference; lastKnownFileType = sourcecode.swift; path = SceneDelegate.swift; sourceTree = "<group>"; };
		FC136DED2682906100A443AD /* Base */ = {isa = PBXFileReference; lastKnownFileType = file.storyboard; name = Base; path = Base.lproj/Main.storyboard; sourceTree = "<group>"; };
		FC136DF02682906100A443AD /* HW_FINAL.xcdatamodel */ = {isa = PBXFileReference; lastKnownFileType = wrapper.xcdatamodel; path = HW_FINAL.xcdatamodel; sourceTree = "<group>"; };
		FC136DF22682906900A443AD /* Assets.xcassets */ = {isa = PBXFileReference; lastKnownFileType = folder.assetcatalog; path = Assets.xcassets; sourceTree = "<group>"; };
		FC136DF52682906900A443AD /* Base */ = {isa = PBXFileReference; lastKnownFileType = file.storyboard; name = Base; path = Base.lproj/LaunchScreen.storyboard; sourceTree = "<group>"; };
		FC136DF72682906900A443AD /* Info.plist */ = {isa = PBXFileReference; lastKnownFileType = text.plist.xml; path = Info.plist; sourceTree = "<group>"; };
		FCCF121826838A7400E2FC82 /* TicketViewController.swift */ = {isa = PBXFileReference; lastKnownFileType = sourcecode.swift; path = TicketViewController.swift; sourceTree = "<group>"; };
		FCCF121B26838A9B00E2FC82 /* LoginViewController.swift */ = {isa = PBXFileReference; lastKnownFileType = sourcecode.swift; path = LoginViewController.swift; sourceTree = "<group>"; };
		FCCF121E26838ADD00E2FC82 /* QueueViewController.swift */ = {isa = PBXFileReference; lastKnownFileType = sourcecode.swift; path = QueueViewController.swift; sourceTree = "<group>"; };
		FCCF1221268390B800E2FC82 /* RegisterViewController.swift */ = {isa = PBXFileReference; lastKnownFileType = sourcecode.swift; path = RegisterViewController.swift; sourceTree = "<group>"; };
		FCCF1224268390C400E2FC82 /* QueueSettingsViewController.swift */ = {isa = PBXFileReference; lastKnownFileType = sourcecode.swift; path = QueueSettingsViewController.swift; sourceTree = "<group>"; };
		FCCF12272683E90C00E2FC82 /* DebugListControllerTableViewController.swift */ = {isa = PBXFileReference; lastKnownFileType = sourcecode.swift; path = DebugListControllerTableViewController.swift; sourceTree = "<group>"; };
		FCCF122A2683F4B700E2FC82 /* UserViewController.swift */ = {isa = PBXFileReference; lastKnownFileType = sourcecode.swift; path = UserViewController.swift; sourceTree = "<group>"; };
		FCCF123026841F2600E2FC82 /* StudentSubmitViewController.swift */ = {isa = PBXFileReference; lastKnownFileType = sourcecode.swift; path = StudentSubmitViewController.swift; sourceTree = "<group>"; };
		FCCF123326841F6500E2FC82 /* FacultyApproveViewController.swift */ = {isa = PBXFileReference; lastKnownFileType = sourcecode.swift; path = FacultyApproveViewController.swift; sourceTree = "<group>"; };
		FCCF12362684236500E2FC82 /* NotLoggedViewController.swift */ = {isa = PBXFileReference; lastKnownFileType = sourcecode.swift; path = NotLoggedViewController.swift; sourceTree = "<group>"; };
		FCCF124526843B2B00E2FC82 /* NotLoggedQueueViewController.swift */ = {isa = PBXFileReference; lastKnownFileType = sourcecode.swift; path = NotLoggedQueueViewController.swift; sourceTree = "<group>"; };
/* End PBXFileReference section */

/* Begin PBXFrameworksBuildPhase section */
		FC136DE02682906100A443AD /* Frameworks */ = {
			isa = PBXFrameworksBuildPhase;
			buildActionMask = 2147483647;
			files = (
			);
			runOnlyForDeploymentPostprocessing = 0;
		};
/* End PBXFrameworksBuildPhase section */

/* Begin PBXGroup section */
		FC136DDA2682906100A443AD = {
			isa = PBXGroup;
			children = (
				FC136DE52682906100A443AD /* HW_FINAL */,
				FC136DE42682906100A443AD /* Products */,
			);
			sourceTree = "<group>";
		};
		FC136DE42682906100A443AD /* Products */ = {
			isa = PBXGroup;
			children = (
				FC136DE32682906100A443AD /* HW_FINAL.app */,
			);
			name = Products;
			sourceTree = "<group>";
		};
		FC136DE52682906100A443AD /* HW_FINAL */ = {
			isa = PBXGroup;
			children = (
				FC136DE62682906100A443AD /* AppDelegate.swift */,
				FC136DE82682906100A443AD /* SceneDelegate.swift */,
				FC136DEC2682906100A443AD /* Main.storyboard */,
				FC136DF22682906900A443AD /* Assets.xcassets */,
				FC136DF42682906900A443AD /* LaunchScreen.storyboard */,
				FC136DF72682906900A443AD /* Info.plist */,
				FC136DEF2682906100A443AD /* HW_FINAL.xcdatamodeld */,
				FCCF121826838A7400E2FC82 /* TicketViewController.swift */,
				FCCF121B26838A9B00E2FC82 /* LoginViewController.swift */,
				FCCF121E26838ADD00E2FC82 /* QueueViewController.swift */,
				FCCF1221268390B800E2FC82 /* RegisterViewController.swift */,
				FCCF1224268390C400E2FC82 /* QueueSettingsViewController.swift */,
				FCCF12272683E90C00E2FC82 /* DebugListControllerTableViewController.swift */,
				FCCF122A2683F4B700E2FC82 /* UserViewController.swift */,
				FCCF123026841F2600E2FC82 /* StudentSubmitViewController.swift */,
				FCCF123326841F6500E2FC82 /* FacultyApproveViewController.swift */,
				FCCF12362684236500E2FC82 /* NotLoggedViewController.swift */,
				FCCF124526843B2B00E2FC82 /* NotLoggedQueueViewController.swift */,
			);
			path = HW_FINAL;
			sourceTree = "<group>";
		};
/* End PBXGroup section */

/* Begin PBXNativeTarget section */
		FC136DE22682906100A443AD /* HW_FINAL */ = {
			isa = PBXNativeTarget;
			buildConfigurationList = FC136DFA2682906900A443AD /* Build configuration list for PBXNativeTarget "HW_FINAL" */;
			buildPhases = (
				FC136DDF2682906100A443AD /* Sources */,
				FC136DE02682906100A443AD /* Frameworks */,
				FC136DE12682906100A443AD /* Resources */,
			);
			buildRules = (
			);
			dependencies = (
			);
			name = HW_FINAL;
			productName = HW_FINAL;
			productReference = FC136DE32682906100A443AD /* HW_FINAL.app */;
			productType = "com.apple.product-type.application";
		};
/* End PBXNativeTarget section */

/* Begin PBXProject section */
		FC136DDB2682906100A443AD /* Project object */ = {
			isa = PBXProject;
			attributes = {
				LastSwiftUpdateCheck = 1240;
				LastUpgradeCheck = 1240;
				TargetAttributes = {
					FC136DE22682906100A443AD = {
						CreatedOnToolsVersion = 12.4;
					};
				};
			};
			buildConfigurationList = FC136DDE2682906100A443AD /* Build configuration list for PBXProject "HW_FINAL" */;
			compatibilityVersion = "Xcode 9.3";
			developmentRegion = en;
			hasScannedForEncodings = 0;
			knownRegions = (
				en,
				Base,
			);
			mainGroup = FC136DDA2682906100A443AD;
			productRefGroup = FC136DE42682906100A443AD /* Products */;
			projectDirPath = "";
			projectRoot = "";
			targets = (
				FC136DE22682906100A443AD /* HW_FINAL */,
			);
		};
/* End PBXProject section */

/* Begin PBXResourcesBuildPhase section */
		FC136DE12682906100A443AD /* Resources */ = {
			isa = PBXResourcesBuildPhase;
			buildActionMask = 2147483647;
			files = (
				FC136DF62682906900A443AD /* LaunchScreen.storyboard in Resources */,
				FC136DF32682906900A443AD /* Assets.xcassets in Resources */,
				FC136DEE2682906100A443AD /* Main.storyboard in Resources */,
			);
			runOnlyForDeploymentPostprocessing = 0;
		};
/* End PBXResourcesBuildPhase section */

/* Begin PBXSourcesBuildPhase section */
		FC136DDF2682906100A443AD /* Sources */ = {
			isa = PBXSourcesBuildPhase;
			buildActionMask = 2147483647;
			files = (
				FCCF12372684236500E2FC82 /* NotLoggedViewController.swift in Sources */,
				FCCF121926838A7400E2FC82 /* TicketViewController.swift in Sources */,
				FCCF122B2683F4B700E2FC82 /* UserViewController.swift in Sources */,
				FCCF124626843B2B00E2FC82 /* NotLoggedQueueViewController.swift in Sources */,
				FCCF123126841F2600E2FC82 /* StudentSubmitViewController.swift in Sources */,
				FCCF123426841F6500E2FC82 /* FacultyApproveViewController.swift in Sources */,
				FC136DF12682906100A443AD /* HW_FINAL.xcdatamodeld in Sources */,
				FCCF1222268390B800E2FC82 /* RegisterViewController.swift in Sources */,
				FCCF1225268390C400E2FC82 /* QueueSettingsViewController.swift in Sources */,
				FCCF121F26838ADD00E2FC82 /* QueueViewController.swift in Sources */,
				FCCF12282683E90C00E2FC82 /* DebugListControllerTableViewController.swift in Sources */,
				FC136DE72682906100A443AD /* AppDelegate.swift in Sources */,
				FCCF121C26838A9B00E2FC82 /* LoginViewController.swift in Sources */,
				FC136DE92682906100A443AD /* SceneDelegate.swift in Sources */,
			);
			runOnlyForDeploymentPostprocessing = 0;
		};
/* End PBXSourcesBuildPhase section */

/* Begin PBXVariantGroup section */
		FC136DEC2682906100A443AD /* Main.storyboard */ = {
			isa = PBXVariantGroup;
			children = (
				FC136DED2682906100A443AD /* Base */,
			);
			name = Main.storyboard;
			sourceTree = "<group>";
		};
		FC136DF42682906900A443AD /* LaunchScreen.storyboard */ = {
			isa = PBXVariantGroup;
			children = (
				FC136DF52682906900A443AD /* Base */,
			);
			name = LaunchScreen.storyboard;
			sourceTree = "<group>";
		};
/* End PBXVariantGroup section */

/* Begin XCBuildConfiguration section */
		FC136DF82682906900A443AD /* Debug */ = {
			isa = XCBuildConfiguration;
			buildSettings = {
				ALWAYS_SEARCH_USER_PATHS = NO;
				CLANG_ANALYZER_NONNULL = YES;
				CLANG_ANALYZER_NUMBER_OBJECT_CONVERSION = YES_AGGRESSIVE;
				CLANG_CXX_LANGUAGE_STANDARD = "gnu++14";
				CLANG_CXX_LIBRARY = "libc++";
				CLANG_ENABLE_MODULES = YES;
				CLANG_ENABLE_OBJC_ARC = YES;
				CLANG_ENABLE_OBJC_WEAK = YES;
				CLANG_WARN_BLOCK_CAPTURE_AUTORELEASING = YES;
				CLANG_WARN_BOOL_CONVERSION = YES;
				CLANG_WARN_COMMA = YES;
				CLANG_WARN_CONSTANT_CONVERSION = YES;
				CLANG_WARN_DEPRECATED_OBJC_IMPLEMENTATIONS = YES;
				CLANG_WARN_DIRECT_OBJC_ISA_USAGE = YES_ERROR;
				CLANG_WARN_DOCUMENTATION_COMMENTS = YES;
				CLANG_WARN_EMPTY_BODY = YES;
				CLANG_WARN_ENUM_CONVERSION = YES;
				CLANG_WARN_INFINITE_RECURSION = YES;
				CLANG_WARN_INT_CONVERSION = YES;
				CLANG_WARN_NON_LITERAL_NULL_CONVERSION = YES;
				CLANG_WARN_OBJC_IMPLICIT_RETAIN_SELF = YES;
				CLANG_WARN_OBJC_LITERAL_CONVERSION = YES;
				CLANG_WARN_OBJC_ROOT_CLASS = YES_ERROR;
				CLANG_WARN_QUOTED_INCLUDE_IN_FRAMEWORK_HEADER = YES;
				CLANG_WARN_RANGE_LOOP_ANALYSIS = YES;
				CLANG_WARN_STRICT_PROTOTYPES = YES;
				CLANG_WARN_SUSPICIOUS_MOVE = YES;
				CLANG_WARN_UNGUARDED_AVAILABILITY = YES_AGGRESSIVE;
				CLANG_WARN_UNREACHABLE_CODE = YES;
				CLANG_WARN__DUPLICATE_METHOD_MATCH = YES;
				COPY_PHASE_STRIP = NO;
				DEBUG_INFORMATION_FORMAT = dwarf;
				ENABLE_STRICT_OBJC_MSGSEND = YES;
				ENABLE_TESTABILITY = YES;
				GCC_C_LANGUAGE_STANDARD = gnu11;
				GCC_DYNAMIC_NO_PIC = NO;
				GCC_NO_COMMON_BLOCKS = YES;
				GCC_OPTIMIZATION_LEVEL = 0;
				GCC_PREPROCESSOR_DEFINITIONS = (
					"DEBUG=1",
					"$(inherited)",
				);
				GCC_WARN_64_TO_32_BIT_CONVERSION = YES;
				GCC_WARN_ABOUT_RETURN_TYPE = YES_ERROR;
				GCC_WARN_UNDECLARED_SELECTOR = YES;
				GCC_WARN_UNINITIALIZED_AUTOS = YES_AGGRESSIVE;
				GCC_WARN_UNUSED_FUNCTION = YES;
				GCC_WARN_UNUSED_VARIABLE = YES;
				IPHONEOS_DEPLOYMENT_TARGET = 14.4;
				MTL_ENABLE_DEBUG_INFO = INCLUDE_SOURCE;
				MTL_FAST_MATH = YES;
				ONLY_ACTIVE_ARCH = YES;
				SDKROOT = iphoneos;
				SWIFT_ACTIVE_COMPILATION_CONDITIONS = DEBUG;
				SWIFT_OPTIMIZATION_LEVEL = "-Onone";
			};
			name = Debug;
		};
		FC136DF92682906900A443AD /* Release */ = {
			isa = XCBuildConfiguration;
			buildSettings = {
				ALWAYS_SEARCH_USER_PATHS = NO;
				CLANG_ANALYZER_NONNULL = YES;
				CLANG_ANALYZER_NUMBER_OBJECT_CONVERSION = YES_AGGRESSIVE;
				CLANG_CXX_LANGUAGE_STANDARD = "gnu++14";
				CLANG_CXX_LIBRARY = "libc++";
				CLANG_ENABLE_MODULES = YES;
				CLANG_ENABLE_OBJC_ARC = YES;
				CLANG_ENABLE_OBJC_WEAK = YES;
				CLANG_WARN_BLOCK_CAPTURE_AUTORELEASING = YES;
				CLANG_WARN_BOOL_CONVERSION = YES;
				CLANG_WARN_COMMA = YES;
				CLANG_WARN_CONSTANT_CONVERSION = YES;
				CLANG_WARN_DEPRECATED_OBJC_IMPLEMENTATIONS = YES;
				CLANG_WARN_DIRECT_OBJC_ISA_USAGE = YES_ERROR;
				CLANG_WARN_DOCUMENTATION_COMMENTS = YES;
				CLANG_WARN_EMPTY_BODY = YES;
				CLANG_WARN_ENUM_CONVERSION = YES;
				CLANG_WARN_INFINITE_RECURSION = YES;
				CLANG_WARN_INT_CONVERSION = YES;
				CLANG_WARN_NON_LITERAL_NULL_CONVERSION = YES;
				CLANG_WARN_OBJC_IMPLICIT_RETAIN_SELF = YES;
				CLANG_WARN_OBJC_LITERAL_CONVERSION = YES;
				CLANG_WARN_OBJC_ROOT_CLASS = YES_ERROR;
				CLANG_WARN_QUOTED_INCLUDE_IN_FRAMEWORK_HEADER = YES;
				CLANG_WARN_RANGE_LOOP_ANALYSIS = YES;
				CLANG_WARN_STRICT_PROTOTYPES = YES;
				CLANG_WARN_SUSPICIOUS_MOVE = YES;
				CLANG_WARN_UNGUARDED_AVAILABILITY = YES_AGGRESSIVE;
				CLANG_WARN_UNREACHABLE_CODE = YES;
				CLANG_WARN__DUPLICATE_METHOD_MATCH = YES;
				COPY_PHASE_STRIP = NO;
				DEBUG_INFORMATION_FORMAT = "dwarf-with-dsym";
				ENABLE_NS_ASSERTIONS = NO;
				ENABLE_STRICT_OBJC_MSGSEND = YES;
				GCC_C_LANGUAGE_STANDARD = gnu11;
				GCC_NO_COMMON_BLOCKS = YES;
				GCC_WARN_64_TO_32_BIT_CONVERSION = YES;
				GCC_WARN_ABOUT_RETURN_TYPE = YES_ERROR;
				GCC_WARN_UNDECLARED_SELECTOR = YES;
				GCC_WARN_UNINITIALIZED_AUTOS = YES_AGGRESSIVE;
				GCC_WARN_UNUSED_FUNCTION = YES;
				GCC_WARN_UNUSED_VARIABLE = YES;
				IPHONEOS_DEPLOYMENT_TARGET = 14.4;
				MTL_ENABLE_DEBUG_INFO = NO;
				MTL_FAST_MATH = YES;
				SDKROOT = iphoneos;
				SWIFT_COMPILATION_MODE = wholemodule;
				SWIFT_OPTIMIZATION_LEVEL = "-O";
				VALIDATE_PRODUCT = YES;
			};
			name = Release;
		};
		FC136DFB2682906900A443AD /* Debug */ = {
			isa = XCBuildConfiguration;
			buildSettings = {
				ASSETCATALOG_COMPILER_APPICON_NAME = AppIcon;
				ASSETCATALOG_COMPILER_GLOBAL_ACCENT_COLOR_NAME = AccentColor;
				CODE_SIGN_STYLE = Automatic;
				DEVELOPMENT_TEAM = ZD7KQX42UZ;
				INFOPLIST_FILE = HW_FINAL/Info.plist;
				LD_RUNPATH_SEARCH_PATHS = (
					"$(inherited)",
					"@executable_path/Frameworks",
				);
				PRODUCT_BUNDLE_IDENTIFIER = "CSE390.HW-FINAL";
				PRODUCT_NAME = "$(TARGET_NAME)";
				SWIFT_VERSION = 5.0;
				TARGETED_DEVICE_FAMILY = "1,2";
			};
			name = Debug;
		};
		FC136DFC2682906900A443AD /* Release */ = {
			isa = XCBuildConfiguration;
			buildSettings = {
				ASSETCATALOG_COMPILER_APPICON_NAME = AppIcon;
				ASSETCATALOG_COMPILER_GLOBAL_ACCENT_COLOR_NAME = AccentColor;
				CODE_SIGN_STYLE = Automatic;
				DEVELOPMENT_TEAM = ZD7KQX42UZ;
				INFOPLIST_FILE = HW_FINAL/Info.plist;
				LD_RUNPATH_SEARCH_PATHS = (
					"$(inherited)",
					"@executable_path/Frameworks",
				);
				PRODUCT_BUNDLE_IDENTIFIER = "CSE390.HW-FINAL";
				PRODUCT_NAME = "$(TARGET_NAME)";
				SWIFT_VERSION = 5.0;
				TARGETED_DEVICE_FAMILY = "1,2";
			};
			name = Release;
		};
/* End XCBuildConfiguration section */

/* Begin XCConfigurationList section */
		FC136DDE2682906100A443AD /* Build configuration list for PBXProject "HW_FINAL" */ = {
			isa = XCConfigurationList;
			buildConfigurations = (
				FC136DF82682906900A443AD /* Debug */,
				FC136DF92682906900A443AD /* Release */,
			);
			defaultConfigurationIsVisible = 0;
			defaultConfigurationName = Release;
		};
		FC136DFA2682906900A443AD /* Build configuration list for PBXNativeTarget "HW_FINAL" */ = {
			isa = XCConfigurationList;
			buildConfigurations = (
				FC136DFB2682906900A443AD /* Debug */,
				FC136DFC2682906900A443AD /* Release */,
			);
			defaultConfigurationIsVisible = 0;
			defaultConfigurationName = Release;
		};
/* End XCConfigurationList section */

/* Begin XCVersionGroup section */
		FC136DEF2682906100A443AD /* HW_FINAL.xcdatamodeld */ = {
			isa = XCVersionGroup;
			children = (
				FC136DF02682906100A443AD /* HW_FINAL.xcdatamodel */,
			);
			currentVersion = FC136DF02682906100A443AD /* HW_FINAL.xcdatamodel */;
			path = HW_FINAL.xcdatamodeld;
			sourceTree = "<group>";
			versionGroupType = wrapper.xcdatamodel;
		};
/* End XCVersionGroup section */
	};
	rootObject = FC136DDB2682906100A443AD /* Project object */;
}
